<?xml version="1.0" encoding="utf-8"?>
<Project ToolsVersion="4.0" xmlns="http://schemas.microsoft.com/developer/msbuild/2003">
  <ItemGroup>
    <Filter Include="Source Files">
      <UniqueIdentifier>{4FC737F1-C7A5-4376-A066-2A32D752A2FF}</UniqueIdentifier>
      <Extensions>cpp;c;cc;cxx;c++;def;odl;idl;hpj;bat;asm;asmx</Extensions>
    </Filter>
    <Filter Include="Header Files">
      <UniqueIdentifier>{93995380-89BD-4b04-88EB-625FBE52EBFB}</UniqueIdentifier>
      <Extensions>h;hh;hpp;hxx;h++;hm;inl;inc;ipp;xsd</Extensions>
    </Filter>
    <Filter Include="Resource Files">
      <UniqueIdentifier>{67DA6AB6-F800-4c08-8B7A-83BB121AAD01}</UniqueIdentifier>
      <Extensions>rc;ico;cur;bmp;dlg;rc2;rct;bin;rgs;gif;jpg;jpeg;jpe;resx;tiff;tif;png;wav;mfcribbon-ms</Extensions>
    </Filter>
    <Filter Include="Header Files\DMS">
      <UniqueIdentifier>{75c1f81a-efd4-4ab9-8b9b-ba5de37da656}</UniqueIdentifier>
    </Filter>
    <Filter Include="Source Files\DMS">
      <UniqueIdentifier>{e3410a7b-6408-4022-b606-2c14cfaac52c}</UniqueIdentifier>
    </Filter>
    <Filter Include="Header Files\DMS\C-API">
      <UniqueIdentifier>{f71964f6-66b3-4d8c-a8da-56d703ad1c2a}</UniqueIdentifier>
    </Filter>
    <Filter Include="Source Files\DMS\C-API">
      <UniqueIdentifier>{32abbbfd-6359-488c-83be-f61da8fd8f4d}</UniqueIdentifier>
    </Filter>
    <Filter Include="Source Files\DMS\standardMethods">
      <UniqueIdentifier>{10d9f698-b08c-40c5-b6b1-e6d903f4b279}</UniqueIdentifier>
    </Filter>
    <Filter Include="Header Files\DMS\standardMethods">
      <UniqueIdentifier>{4757b859-2680-4c9a-83e8-be3bf06f192e}</UniqueIdentifier>
    </Filter>
    <Filter Include="Source Files\DMS\parser">
      <UniqueIdentifier>{be440a96-7b07-48b3-a84e-64b10775c979}</UniqueIdentifier>
    </Filter>
    <Filter Include="Source Files\DMS\state">
      <UniqueIdentifier>{9490aa5b-7d9d-415c-a263-ef1ecd8dd188}</UniqueIdentifier>
    </Filter>
    <Filter Include="Source Files\DMS\objects">
      <UniqueIdentifier>{4c0bb4c5-388c-4f15-abb7-143cb6d6232f}</UniqueIdentifier>
    </Filter>
    <Filter Include="Header Files\DMS\objects">
      <UniqueIdentifier>{978b41cd-27e4-4b8c-874e-3b6e927b3d4d}</UniqueIdentifier>
    </Filter>
    <Filter Include="Source Files\DMS\platformdep">
      <UniqueIdentifier>{ef57bfaf-35f9-4b3e-8642-7ee96fb82139}</UniqueIdentifier>
    </Filter>
    <Filter Include="Header Files\multi">
      <UniqueIdentifier>{b3c47fc7-ce47-46c5-86b4-827acf0bcbbb}</UniqueIdentifier>
    </Filter>
    <Filter Include="Header Files\DMS\libraries">
      <UniqueIdentifier>{584d8d2d-e56e-4a89-a1fe-08a13c3d08a9}</UniqueIdentifier>
    </Filter>
  </ItemGroup>
  <ItemGroup>
    <ClCompile Include="cmd.cpp">
      <Filter>Source Files\DMS</Filter>
    </ClCompile>
    <ClCompile Include="codes.cpp">
      <Filter>Source Files\DMS</Filter>
    </ClCompile>
    <ClCompile Include="dms_exceptions.cpp">
      <Filter>Source Files\DMS</Filter>
    </ClCompile>
    <ClCompile Include="utils.cpp">
      <Filter>Source Files\DMS</Filter>
    </ClCompile>
    <ClCompile Include="value.cpp">
      <Filter>Source Files\DMS</Filter>
    </ClCompile>
    <ClCompile Include="DMS.cpp">
      <Filter>Source Files</Filter>
    </ClCompile>
    <ClCompile Include="chunk.cpp">
      <Filter>Source Files\DMS</Filter>
    </ClCompile>
    <ClCompile Include="Handlers.cpp">
      <Filter>Source Files\DMS</Filter>
    </ClCompile>
    <ClCompile Include="character.cpp">
      <Filter>Source Files\DMS\objects</Filter>
    </ClCompile>
    <ClCompile Include="enviroment.cpp">
      <Filter>Source Files\DMS\objects</Filter>
    </ClCompile>
    <ClCompile Include="dms_custom.cpp">
      <Filter>Source Files\DMS</Filter>
    </ClCompile>
    <ClCompile Include="memory.cpp">
      <Filter>Source Files\DMS</Filter>
    </ClCompile>
    <ClCompile Include="core.cpp">
      <Filter>Source Files\DMS\standardMethods</Filter>
    </ClCompile>
    <ClCompile Include="LineParserBuilds.cpp">
      <Filter>Source Files\DMS\parser</Filter>
    </ClCompile>
    <ClCompile Include="LineParserMatchProcess.cpp">
      <Filter>Source Files\DMS\parser</Filter>
    </ClCompile>
    <ClCompile Include="LineParserParse.cpp">
      <Filter>Source Files\DMS\parser</Filter>
    </ClCompile>
    <ClCompile Include="LineParserUtils.cpp">
      <Filter>Source Files\DMS\parser</Filter>
    </ClCompile>
    <ClCompile Include="dms_state.cpp">
      <Filter>Source Files\DMS\state</Filter>
    </ClCompile>
    <ClCompile Include="dms_state_interpret.cpp">
      <Filter>Source Files\DMS\state</Filter>
    </ClCompile>
    <ClCompile Include="Invoker.cpp">
      <Filter>Source Files\DMS\objects</Filter>
    </ClCompile>
    <ClCompile Include="pch.cpp">
      <Filter>Source Files\DMS</Filter>
    </ClCompile>
    <ClCompile Include="sound.cpp">
      <Filter>Source Files\DMS\platformdep</Filter>
    </ClCompile>
    <ClCompile Include="window.cpp">
      <Filter>Source Files\DMS\platformdep</Filter>
    </ClCompile>
  </ItemGroup>
  <ItemGroup>
    <ClInclude Include="value.h">
      <Filter>Header Files\DMS</Filter>
    </ClInclude>
    <ClInclude Include="utils.h">
      <Filter>Header Files\DMS</Filter>
    </ClInclude>
    <ClInclude Include="cmd.h">
      <Filter>Header Files\DMS</Filter>
    </ClInclude>
    <ClInclude Include="codes.h">
      <Filter>Header Files\DMS</Filter>
    </ClInclude>
    <ClInclude Include="dms_exceptions.h">
      <Filter>Header Files\DMS</Filter>
    </ClInclude>
    <ClInclude Include="LineParser.h">
      <Filter>Header Files\DMS</Filter>
    </ClInclude>
    <ClInclude Include="dms.h">
      <Filter>Header Files\DMS</Filter>
    </ClInclude>
    <ClInclude Include="errors.h">
      <Filter>Header Files\DMS</Filter>
    </ClInclude>
    <ClInclude Include="dms_state.h">
      <Filter>Header Files\DMS</Filter>
    </ClInclude>
    <ClInclude Include="chunk.h">
      <Filter>Header Files\DMS</Filter>
    </ClInclude>
    <ClInclude Include="token.h">
      <Filter>Header Files\DMS</Filter>
    </ClInclude>
    <ClInclude Include="Handlers.h">
      <Filter>Header Files\DMS</Filter>
    </ClInclude>
    <ClInclude Include="character.h">
      <Filter>Header Files\DMS\objects</Filter>
    </ClInclude>
    <ClInclude Include="enviroment.h">
      <Filter>Header Files\DMS\objects</Filter>
    </ClInclude>
    <ClInclude Include="memory.h">
      <Filter>Header Files\DMS</Filter>
    </ClInclude>
    <ClInclude Include="dms_list.h">
      <Filter>Source Files\DMS</Filter>
    </ClInclude>
    <ClInclude Include="comparisons.h">
      <Filter>Header Files\DMS</Filter>
    </ClInclude>
    <ClInclude Include="wrapper.h">
      <Filter>Header Files\DMS\C-API</Filter>
    </ClInclude>
    <ClInclude Include="Invoker.h">
      <Filter>Header Files\DMS\objects</Filter>
    </ClInclude>
    <ClInclude Include="core.h">
      <Filter>Header Files\DMS\standardMethods</Filter>
    </ClInclude>
    <ClInclude Include="s_value.h">
      <Filter>Header Files\DMS\C-API</Filter>
    </ClInclude>
    <ClInclude Include="pch.h">
      <Filter>Header Files\DMS</Filter>
    </ClInclude>
    <ClInclude Include="Connection.h">
      <Filter>Header Files\multi</Filter>
    </ClInclude>
    <ClInclude Include="gui.h">
      <Filter>Header Files\DMS\libraries</Filter>
    </ClInclude>
    <ClInclude Include="sound.h">
      <Filter>Header Files\DMS\libraries</Filter>
    </ClInclude>
    <ClInclude Include="window.h">
      <Filter>Header Files\DMS\libraries</Filter>
    </ClInclude>
  </ItemGroup>
</Project>